
Microsoft Visual Studio Solution File, Format Version 12.00
Project("{FAE04EC0-301F-11D3-BF4B-00C04F79EFBC}") = "Kugle", "Kugle\Kugle.csproj", "{D4647DA8-EA6A-4D5E-BDBF-6353F9330AE9}"
EndProject
Project("{FAE04EC0-301F-11D3-BF4B-00C04F79EFBC}") = "WpfApp1", "WpfApp1\WpfApp1.csproj", "{B1274DD9-BF94-42B0-AEAB-E6266753693D}"
EndProject
Global
	GlobalSection(SolutionConfigurationPlatforms) = preSolution
		Debug|Any CPU = Debug|Any CPU
		Release|Any CPU = Release|Any CPU
	EndGlobalSection
	GlobalSection(ProjectConfigurationPlatforms) = postSolution
		{D4647DA8-EA6A-4D5E-BDBF-6353F9330AE9}.Debug|Any CPU.ActiveCfg = Debug|Any CPU
		{D4647DA8-EA6A-4D5E-BDBF-6353F9330AE9}.Debug|Any CPU.Build.0 = Debug|Any CPU
		{D4647DA8-EA6A-4D5E-BDBF-6353F9330AE9}.Release|Any CPU.ActiveCfg = Release|Any CPU
		{D4647DA8-EA6A-4D5E-BDBF-6353F9330AE9}.Release|Any CPU.Build.0 = Release|Any CPU
		{B1274DD9-BF94-42B0-AEAB-E6266753693D}.Debug|Any CPU.ActiveCfg = Debug|Any CPU
		{B1274DD9-BF94-42B0-AEAB-E6266753693D}.Debug|Any CPU.Build.0 = Debug|Any CPU
		{B1274DD9-BF94-42B0-AEAB-E6266753693D}.Release|Any CPU.ActiveCfg = Release|Any CPU
		{B1274DD9-BF94-42B0-AEAB-E6266753693D}.Release|Any CPU.Build.0 = Release|Any CPU
	EndGlobalSection
	GlobalSection(NestedProjects) = preSolution
	EndGlobalSection
EndGlobal
